github.com/ahafizi/bank v1.0.0 h1:y7hcc6H46XXTZYNbTmP7pk+BXfPR/GztpLtFQAz4/+w=
github.com/ahafizi/bank v1.0.0/go.mod h1:zVlz6WjJbQivQ05L8j+VVjMoWNgKRlESqBU69KvDm2o=
github.com/ahafizi/bank v1.0.1 h1:XyCbuLqwxZimIgIbqKHAKwe2C9mC3pJ5bVqrNzbCuSY=
github.com/ahafizi/bank v1.0.1/go.mod h1:zVlz6WjJbQivQ05L8j+VVjMoWNgKRlESqBU69KvDm2o=
